
Microsoft Visual Studio Solution File, Format Version 12.00
# Visual Studio 15
VisualStudioVersion = 15.0.27428.2037
MinimumVisualStudioVersion = 10.0.40219.1
Project("{8BC9CEB8-8B4A-11D0-8D11-00A0C91BC942}") = "VLive", "VLive\VLive.vcxproj", "{B12702AD-ABFB-343A-A199-8E24837244A3}"
EndProject
Project("{8BC9CEB8-8B4A-11D0-8D11-00A0C91BC942}") = "Unility", "Unility\Unility.vcxproj", "{1142768F-E959-4A46-BB77-C3AEEBCB4480}"
EndProject
Project("{8BC9CEB8-8B4A-11D0-8D11-00A0C91BC942}") = "VhallWebRtcLive", "VhallWebRtcLive\VhallWebRtcLive.vcxproj", "{CF9F79BD-6328-466D-ADB6-3989F3E2CA2F}"
EndProject
Global
	GlobalSection(SolutionConfigurationPlatforms) = preSolution
		Debug|x64 = Debug|x64
		Debug|x86 = Debug|x86
		Release|x64 = Release|x64
		Release|x86 = Release|x86
	EndGlobalSection
	GlobalSection(ProjectConfigurationPlatforms) = postSolution
		{B12702AD-ABFB-343A-A199-8E24837244A3}.Debug|x64.ActiveCfg = Debug|Win32
		{B12702AD-ABFB-343A-A199-8E24837244A3}.Debug|x86.ActiveCfg = Debug|Win32
		{B12702AD-ABFB-343A-A199-8E24837244A3}.Debug|x86.Build.0 = Debug|Win32
		{B12702AD-ABFB-343A-A199-8E24837244A3}.Release|x64.ActiveCfg = Release|Win32
		{B12702AD-ABFB-343A-A199-8E24837244A3}.Release|x86.ActiveCfg = Release|Win32
		{B12702AD-ABFB-343A-A199-8E24837244A3}.Release|x86.Build.0 = Release|Win32
		{1142768F-E959-4A46-BB77-C3AEEBCB4480}.Debug|x64.ActiveCfg = Debug|Win32
		{1142768F-E959-4A46-BB77-C3AEEBCB4480}.Debug|x86.ActiveCfg = Debug|Win32
		{1142768F-E959-4A46-BB77-C3AEEBCB4480}.Debug|x86.Build.0 = Debug|Win32
		{1142768F-E959-4A46-BB77-C3AEEBCB4480}.Release|x64.ActiveCfg = Release|Win32
		{1142768F-E959-4A46-BB77-C3AEEBCB4480}.Release|x86.ActiveCfg = Release|Win32
		{1142768F-E959-4A46-BB77-C3AEEBCB4480}.Release|x86.Build.0 = Release|Win32
		{CF9F79BD-6328-466D-ADB6-3989F3E2CA2F}.Debug|x64.ActiveCfg = Debug|Win32
		{CF9F79BD-6328-466D-ADB6-3989F3E2CA2F}.Debug|x86.ActiveCfg = Debug|Win32
		{CF9F79BD-6328-466D-ADB6-3989F3E2CA2F}.Debug|x86.Build.0 = Debug|Win32
		{CF9F79BD-6328-466D-ADB6-3989F3E2CA2F}.Release|x64.ActiveCfg = Release|Win32
		{CF9F79BD-6328-466D-ADB6-3989F3E2CA2F}.Release|x86.ActiveCfg = Release|Win32
		{CF9F79BD-6328-466D-ADB6-3989F3E2CA2F}.Release|x86.Build.0 = Release|Win32
	EndGlobalSection
	GlobalSection(SolutionProperties) = preSolution
		HideSolutionNode = FALSE
	EndGlobalSection
	GlobalSection(ExtensibilityGlobals) = postSolution
		SolutionGuid = {3907998A-9AEF-42ED-8577-724B2A6428D9}
	EndGlobalSection
EndGlobal
